
Microsoft Visual Studio Solution File, Format Version 12.00
# Visual Studio Version 17
VisualStudioVersion = 17.11.35219.272
MinimumVisualStudioVersion = 10.0.40219.1
Project("{FAE04EC0-301F-11D3-BF4B-00C04F79EFBC}") = "QL_NhanVien", "QL_NhanVien\QL_NhanVien.csproj", "{ADFE217D-A90A-442A-94AF-DFB2C636ED3D}"
EndProject
Global
	GlobalSection(SolutionConfigurationPlatforms) = preSolution
		Debug|Any CPU = Debug|Any CPU
		Release|Any CPU = Release|Any CPU
	EndGlobalSection
	GlobalSection(ProjectConfigurationPlatforms) = postSolution
		{ADFE217D-A90A-442A-94AF-DFB2C636ED3D}.Debug|Any CPU.ActiveCfg = Debug|Any CPU
		{ADFE217D-A90A-442A-94AF-DFB2C636ED3D}.Debug|Any CPU.Build.0 = Debug|Any CPU
		{ADFE217D-A90A-442A-94AF-DFB2C636ED3D}.Release|Any CPU.ActiveCfg = Release|Any CPU
		{ADFE217D-A90A-442A-94AF-DFB2C636ED3D}.Release|Any CPU.Build.0 = Release|Any CPU
	EndGlobalSection
	GlobalSection(SolutionProperties) = preSolution
		HideSolutionNode = FALSE
	EndGlobalSection
	GlobalSection(ExtensibilityGlobals) = postSolution
		SolutionGuid = {ECBB57CB-8A37-4AAA-B36D-9CD1DC498F52}
	EndGlobalSection
EndGlobal
